// !$*UTF8*$!
{
	archiveVersion = 1;
	classes = {
	};
	objectVersion = 50;
	objects = {

/* Begin PBXBuildFile section */
		AF8ADD9C26DFED7600CFA44D /* TestLiveTextApp.swift in Sources */ = {isa = PBXBuildFile; fileRef = AF8ADD9B26DFED7600CFA44D /* TestLiveTextApp.swift */; };
		AF8ADD9E26DFED7600CFA44D /* ContentView.swift in Sources */ = {isa = PBXBuildFile; fileRef = AF8ADD9D26DFED7600CFA44D /* ContentView.swift */; };
		AF8ADDA026DFED7700CFA44D /* Assets.xcassets in Resources */ = {isa = PBXBuildFile; fileRef = AF8ADD9F26DFED7700CFA44D /* Assets.xcassets */; };
		AF8ADDA326DFED7700CFA44D /* Preview Assets.xcassets in Resources */ = {isa = PBXBuildFile; fileRef = AF8ADDA226DFED7700CFA44D /* Preview Assets.xcassets */; };
		AF8ADDAB26DFF0BA00CFA44D /* ScanDocumentView.swift in Sources */ = {isa = PBXBuildFile; fileRef = AF8ADDAA26DFF0BA00CFA44D /* ScanDocumentView.swift */; };
		AF8ADDAF26E0210D00CFA44D /* BaseVisonView.swift in Sources */ = {isa = PBXBuildFile; fileRef = AF8ADDAE26E0210D00CFA44D /* BaseVisonView.swift */; };
		AF8ADDB126E02B8000CFA44D /* LiveTextViewController.swift in Sources */ = {isa = PBXBuildFile; fileRef = AF8ADDB026E02B8000CFA44D /* LiveTextViewController.swift */; };
		AF8ADDB326E0413600CFA44D /* VisionViewController.swift in Sources */ = {isa = PBXBuildFile; fileRef = AF8ADDB226E0413600CFA44D /* VisionViewController.swift */; };
/* End PBXBuildFile section */

/* Begin PBXFileReference section */
		AF8ADD9826DFED7600CFA44D /* TestLiveText.app */ = {isa = PBXFileReference; explicitFileType = wrapper.application; includeInIndex = 0; path = TestLiveText.app; sourceTree = BUILT_PRODUCTS_DIR; };
		AF8ADD9B26DFED7600CFA44D /* TestLiveTextApp.swift */ = {isa = PBXFileReference; lastKnownFileType = sourcecode.swift; path = TestLiveTextApp.swift; sourceTree = "<group>"; };
		AF8ADD9D26DFED7600CFA44D /* ContentView.swift */ = {isa = PBXFileReference; lastKnownFileType = sourcecode.swift; path = ContentView.swift; sourceTree = "<group>"; };
		AF8ADD9F26DFED7700CFA44D /* Assets.xcassets */ = {isa = PBXFileReference; lastKnownFileType = folder.assetcatalog; path = Assets.xcassets; sourceTree = "<group>"; };
		AF8ADDA226DFED7700CFA44D /* Preview Assets.xcassets */ = {isa = PBXFileReference; lastKnownFileType = folder.assetcatalog; path = "Preview Assets.xcassets"; sourceTree = "<group>"; };
		AF8ADDA426DFED7700CFA44D /* Info.plist */ = {isa = PBXFileReference; lastKnownFileType = text.plist.xml; path = Info.plist; sourceTree = "<group>"; };
		AF8ADDAA26DFF0BA00CFA44D /* ScanDocumentView.swift */ = {isa = PBXFileReference; lastKnownFileType = sourcecode.swift; path = ScanDocumentView.swift; sourceTree = "<group>"; };
		AF8ADDAE26E0210D00CFA44D /* BaseVisonView.swift */ = {isa = PBXFileReference; lastKnownFileType = sourcecode.swift; path = BaseVisonView.swift; sourceTree = "<group>"; };
		AF8ADDB026E02B8000CFA44D /* LiveTextViewController.swift */ = {isa = PBXFileReference; lastKnownFileType = sourcecode.swift; path = LiveTextViewController.swift; sourceTree = "<group>"; };
		AF8ADDB226E0413600CFA44D /* VisionViewController.swift */ = {isa = PBXFileReference; lastKnownFileType = sourcecode.swift; path = VisionViewController.swift; sourceTree = "<group>"; };
/* End PBXFileReference section */

/* Begin PBXFrameworksBuildPhase section */
		AF8ADD9526DFED7600CFA44D /* Frameworks */ = {
			isa = PBXFrameworksBuildPhase;
			buildActionMask = 2147483647;
			files = (
			);
			runOnlyForDeploymentPostprocessing = 0;
		};
/* End PBXFrameworksBuildPhase section */

/* Begin PBXGroup section */
		AF8ADD8F26DFED7600CFA44D = {
			isa = PBXGroup;
			children = (
				AF8ADD9A26DFED7600CFA44D /* TestLiveText */,
				AF8ADD9926DFED7600CFA44D /* Products */,
			);
			sourceTree = "<group>";
		};
		AF8ADD9926DFED7600CFA44D /* Products */ = {
			isa = PBXGroup;
			children = (
				AF8ADD9826DFED7600CFA44D /* TestLiveText.app */,
			);
			name = Products;
			sourceTree = "<group>";
		};
		AF8ADD9A26DFED7600CFA44D /* TestLiveText */ = {
			isa = PBXGroup;
			children = (
				AF8ADD9B26DFED7600CFA44D /* TestLiveTextApp.swift */,
				AF8ADD9D26DFED7600CFA44D /* ContentView.swift */,
				AF8ADD9F26DFED7700CFA44D /* Assets.xcassets */,
				AF8ADDA426DFED7700CFA44D /* Info.plist */,
				AF8ADDA126DFED7700CFA44D /* Preview Content */,
				AF8ADDAA26DFF0BA00CFA44D /* ScanDocumentView.swift */,
				AF8ADDAE26E0210D00CFA44D /* BaseVisonView.swift */,
				AF8ADDB026E02B8000CFA44D /* LiveTextViewController.swift */,
				AF8ADDB226E0413600CFA44D /* VisionViewController.swift */,
			);
			path = TestLiveText;
			sourceTree = "<group>";
		};
		AF8ADDA126DFED7700CFA44D /* Preview Content */ = {
			isa = PBXGroup;
			children = (
				AF8ADDA226DFED7700CFA44D /* Preview Assets.xcassets */,
			);
			path = "Preview Content";
			sourceTree = "<group>";
		};
/* End PBXGroup section */

/* Begin PBXNativeTarget section */
		AF8ADD9726DFED7600CFA44D /* TestLiveText */ = {
			isa = PBXNativeTarget;
			buildConfigurationList = AF8ADDA726DFED7700CFA44D /* Build configuration list for PBXNativeTarget "TestLiveText" */;
			buildPhases = (
				AF8ADD9426DFED7600CFA44D /* Sources */,
				AF8ADD9526DFED7600CFA44D /* Frameworks */,
				AF8ADD9626DFED7600CFA44D /* Resources */,
			);
			buildRules = (
			);
			dependencies = (
			);
			name = TestLiveText;
			productName = TestLiveText;
			productReference = AF8ADD9826DFED7600CFA44D /* TestLiveText.app */;
			productType = "com.apple.product-type.application";
		};
/* End PBXNativeTarget section */

/* Begin PBXProject section */
		AF8ADD9026DFED7600CFA44D /* Project object */ = {
			isa = PBXProject;
			attributes = {
				LastSwiftUpdateCheck = 1250;
				LastUpgradeCheck = 1250;
				TargetAttributes = {
					AF8ADD9726DFED7600CFA44D = {
						CreatedOnToolsVersion = 12.5.1;
					};
				};
			};
			buildConfigurationList = AF8ADD9326DFED7600CFA44D /* Build configuration list for PBXProject "TestLiveText" */;
			compatibilityVersion = "Xcode 9.3";
			developmentRegion = en;
			hasScannedForEncodings = 0;
			knownRegions = (
				en,
				Base,
			);
			mainGroup = AF8ADD8F26DFED7600CFA44D;
			productRefGroup = AF8ADD9926DFED7600CFA44D /* Products */;
			projectDirPath = "";
			projectRoot = "";
			targets = (
				AF8ADD9726DFED7600CFA44D /* TestLiveText */,
			);
		};
/* End PBXProject section */

/* Begin PBXResourcesBuildPhase section */
		AF8ADD9626DFED7600CFA44D /* Resources */ = {
			isa = PBXResourcesBuildPhase;
			buildActionMask = 2147483647;
			files = (
				AF8ADDA326DFED7700CFA44D /* Preview Assets.xcassets in Resources */,
				AF8ADDA026DFED7700CFA44D /* Assets.xcassets in Resources */,
			);
			runOnlyForDeploymentPostprocessing = 0;
		};
/* End PBXResourcesBuildPhase section */

/* Begin PBXSourcesBuildPhase section */
		AF8ADD9426DFED7600CFA44D /* Sources */ = {
			isa = PBXSourcesBuildPhase;
			buildActionMask = 2147483647;
			files = (
				AF8ADD9E26DFED7600CFA44D /* ContentView.swift in Sources */,
				AF8ADDAB26DFF0BA00CFA44D /* ScanDocumentView.swift in Sources */,
				AF8ADDB126E02B8000CFA44D /* LiveTextViewController.swift in Sources */,
				AF8ADDB326E0413600CFA44D /* VisionViewController.swift in Sources */,
				AF8ADD9C26DFED7600CFA44D /* TestLiveTextApp.swift in Sources */,
				AF8ADDAF26E0210D00CFA44D /* BaseVisonView.swift in Sources */,
			);
			runOnlyForDeploymentPostprocessing = 0;
		};
/* End PBXSourcesBuildPhase section */

/* Begin XCBuildConfiguration section */
		AF8ADDA526DFED7700CFA44D /* Debug */ = {
			isa = XCBuildConfiguration;
			buildSettings = {
				ALWAYS_SEARCH_USER_PATHS = NO;
				CLANG_ANALYZER_NONNULL = YES;
				CLANG_ANALYZER_NUMBER_OBJECT_CONVERSION = YES_AGGRESSIVE;
				CLANG_CXX_LANGUAGE_STANDARD = "gnu++14";
				CLANG_CXX_LIBRARY = "libc++";
				CLANG_ENABLE_MODULES = YES;
				CLANG_ENABLE_OBJC_ARC = YES;
				CLANG_ENABLE_OBJC_WEAK = YES;
				CLANG_WARN_BLOCK_CAPTURE_AUTORELEASING = YES;
				CLANG_WARN_BOOL_CONVERSION = YES;
				CLANG_WARN_COMMA = YES;
				CLANG_WARN_CONSTANT_CONVERSION = YES;
				CLANG_WARN_DEPRECATED_OBJC_IMPLEMENTATIONS = YES;
				CLANG_WARN_DIRECT_OBJC_ISA_USAGE = YES_ERROR;
				CLANG_WARN_DOCUMENTATION_COMMENTS = YES;
				CLANG_WARN_EMPTY_BODY = YES;
				CLANG_WARN_ENUM_CONVERSION = YES;
				CLANG_WARN_INFINITE_RECURSION = YES;
				CLANG_WARN_INT_CONVERSION = YES;
				CLANG_WARN_NON_LITERAL_NULL_CONVERSION = YES;
				CLANG_WARN_OBJC_IMPLICIT_RETAIN_SELF = YES;
				CLANG_WARN_OBJC_LITERAL_CONVERSION = YES;
				CLANG_WARN_OBJC_ROOT_CLASS = YES_ERROR;
				CLANG_WARN_QUOTED_INCLUDE_IN_FRAMEWORK_HEADER = YES;
				CLANG_WARN_RANGE_LOOP_ANALYSIS = YES;
				CLANG_WARN_STRICT_PROTOTYPES = YES;
				CLANG_WARN_SUSPICIOUS_MOVE = YES;
				CLANG_WARN_UNGUARDED_AVAILABILITY = YES_AGGRESSIVE;
				CLANG_WARN_UNREACHABLE_CODE = YES;
				CLANG_WARN__DUPLICATE_METHOD_MATCH = YES;
				COPY_PHASE_STRIP = NO;
				DEBUG_INFORMATION_FORMAT = dwarf;
				ENABLE_STRICT_OBJC_MSGSEND = YES;
				ENABLE_TESTABILITY = YES;
				GCC_C_LANGUAGE_STANDARD = gnu11;
				GCC_DYNAMIC_NO_PIC = NO;
				GCC_NO_COMMON_BLOCKS = YES;
				GCC_OPTIMIZATION_LEVEL = 0;
				GCC_PREPROCESSOR_DEFINITIONS = (
					"DEBUG=1",
					"$(inherited)",
				);
				GCC_WARN_64_TO_32_BIT_CONVERSION = YES;
				GCC_WARN_ABOUT_RETURN_TYPE = YES_ERROR;
				GCC_WARN_UNDECLARED_SELECTOR = YES;
				GCC_WARN_UNINITIALIZED_AUTOS = YES_AGGRESSIVE;
				GCC_WARN_UNUSED_FUNCTION = YES;
				GCC_WARN_UNUSED_VARIABLE = YES;
				IPHONEOS_DEPLOYMENT_TARGET = 14.5;
				MTL_ENABLE_DEBUG_INFO = INCLUDE_SOURCE;
				MTL_FAST_MATH = YES;
				ONLY_ACTIVE_ARCH = YES;
				SDKROOT = iphoneos;
				SWIFT_ACTIVE_COMPILATION_CONDITIONS = DEBUG;
				SWIFT_OPTIMIZATION_LEVEL = "-Onone";
			};
			name = Debug;
		};
		AF8ADDA626DFED7700CFA44D /* Release */ = {
			isa = XCBuildConfiguration;
			buildSettings = {
				ALWAYS_SEARCH_USER_PATHS = NO;
				CLANG_ANALYZER_NONNULL = YES;
				CLANG_ANALYZER_NUMBER_OBJECT_CONVERSION = YES_AGGRESSIVE;
				CLANG_CXX_LANGUAGE_STANDARD = "gnu++14";
				CLANG_CXX_LIBRARY = "libc++";
				CLANG_ENABLE_MODULES = YES;
				CLANG_ENABLE_OBJC_ARC = YES;
				CLANG_ENABLE_OBJC_WEAK = YES;
				CLANG_WARN_BLOCK_CAPTURE_AUTORELEASING = YES;
				CLANG_WARN_BOOL_CONVERSION = YES;
				CLANG_WARN_COMMA = YES;
				CLANG_WARN_CONSTANT_CONVERSION = YES;
				CLANG_WARN_DEPRECATED_OBJC_IMPLEMENTATIONS = YES;
				CLANG_WARN_DIRECT_OBJC_ISA_USAGE = YES_ERROR;
				CLANG_WARN_DOCUMENTATION_COMMENTS = YES;
				CLANG_WARN_EMPTY_BODY = YES;
				CLANG_WARN_ENUM_CONVERSION = YES;
				CLANG_WARN_INFINITE_RECURSION = YES;
				CLANG_WARN_INT_CONVERSION = YES;
				CLANG_WARN_NON_LITERAL_NULL_CONVERSION = YES;
				CLANG_WARN_OBJC_IMPLICIT_RETAIN_SELF = YES;
				CLANG_WARN_OBJC_LITERAL_CONVERSION = YES;
				CLANG_WARN_OBJC_ROOT_CLASS = YES_ERROR;
				CLANG_WARN_QUOTED_INCLUDE_IN_FRAMEWORK_HEADER = YES;
				CLANG_WARN_RANGE_LOOP_ANALYSIS = YES;
				CLANG_WARN_STRICT_PROTOTYPES = YES;
				CLANG_WARN_SUSPICIOUS_MOVE = YES;
				CLANG_WARN_UNGUARDED_AVAILABILITY = YES_AGGRESSIVE;
				CLANG_WARN_UNREACHABLE_CODE = YES;
				CLANG_WARN__DUPLICATE_METHOD_MATCH = YES;
				COPY_PHASE_STRIP = NO;
				DEBUG_INFORMATION_FORMAT = "dwarf-with-dsym";
				ENABLE_NS_ASSERTIONS = NO;
				ENABLE_STRICT_OBJC_MSGSEND = YES;
				GCC_C_LANGUAGE_STANDARD = gnu11;
				GCC_NO_COMMON_BLOCKS = YES;
				GCC_WARN_64_TO_32_BIT_CONVERSION = YES;
				GCC_WARN_ABOUT_RETURN_TYPE = YES_ERROR;
				GCC_WARN_UNDECLARED_SELECTOR = YES;
				GCC_WARN_UNINITIALIZED_AUTOS = YES_AGGRESSIVE;
				GCC_WARN_UNUSED_FUNCTION = YES;
				GCC_WARN_UNUSED_VARIABLE = YES;
				IPHONEOS_DEPLOYMENT_TARGET = 14.5;
				MTL_ENABLE_DEBUG_INFO = NO;
				MTL_FAST_MATH = YES;
				SDKROOT = iphoneos;
				SWIFT_COMPILATION_MODE = wholemodule;
				SWIFT_OPTIMIZATION_LEVEL = "-O";
				VALIDATE_PRODUCT = YES;
			};
			name = Release;
		};
		AF8ADDA826DFED7700CFA44D /* Debug */ = {
			isa = XCBuildConfiguration;
			buildSettings = {
				ASSETCATALOG_COMPILER_APPICON_NAME = AppIcon;
				ASSETCATALOG_COMPILER_GLOBAL_ACCENT_COLOR_NAME = AccentColor;
				CODE_SIGN_STYLE = Automatic;
				DEVELOPMENT_ASSET_PATHS = "\"TestLiveText/Preview Content\"";
				DEVELOPMENT_TEAM = 3GTJZ8KSTX;
				ENABLE_PREVIEWS = YES;
				INFOPLIST_FILE = TestLiveText/Info.plist;
				IPHONEOS_DEPLOYMENT_TARGET = 14.0;
				LD_RUNPATH_SEARCH_PATHS = (
					"$(inherited)",
					"@executable_path/Frameworks",
				);
				PRODUCT_BUNDLE_IDENTIFIER = thiagohxm.TestLiveText;
				PRODUCT_NAME = "$(TARGET_NAME)";
				SWIFT_VERSION = 5.0;
				TARGETED_DEVICE_FAMILY = "1,2";
			};
			name = Debug;
		};
		AF8ADDA926DFED7700CFA44D /* Release */ = {
			isa = XCBuildConfiguration;
			buildSettings = {
				ASSETCATALOG_COMPILER_APPICON_NAME = AppIcon;
				ASSETCATALOG_COMPILER_GLOBAL_ACCENT_COLOR_NAME = AccentColor;
				CODE_SIGN_STYLE = Automatic;
				DEVELOPMENT_ASSET_PATHS = "\"TestLiveText/Preview Content\"";
				DEVELOPMENT_TEAM = 3GTJZ8KSTX;
				ENABLE_PREVIEWS = YES;
				INFOPLIST_FILE = TestLiveText/Info.plist;
				IPHONEOS_DEPLOYMENT_TARGET = 14.0;
				LD_RUNPATH_SEARCH_PATHS = (
					"$(inherited)",
					"@executable_path/Frameworks",
				);
				PRODUCT_BUNDLE_IDENTIFIER = thiagohxm.TestLiveText;
				PRODUCT_NAME = "$(TARGET_NAME)";
				SWIFT_VERSION = 5.0;
				TARGETED_DEVICE_FAMILY = "1,2";
			};
			name = Release;
		};
/* End XCBuildConfiguration section */

/* Begin XCConfigurationList section */
		AF8ADD9326DFED7600CFA44D /* Build configuration list for PBXProject "TestLiveText" */ = {
			isa = XCConfigurationList;
			buildConfigurations = (
				AF8ADDA526DFED7700CFA44D /* Debug */,
				AF8ADDA626DFED7700CFA44D /* Release */,
			);
			defaultConfigurationIsVisible = 0;
			defaultConfigurationName = Release;
		};
		AF8ADDA726DFED7700CFA44D /* Build configuration list for PBXNativeTarget "TestLiveText" */ = {
			isa = XCConfigurationList;
			buildConfigurations = (
				AF8ADDA826DFED7700CFA44D /* Debug */,
				AF8ADDA926DFED7700CFA44D /* Release */,
			);
			defaultConfigurationIsVisible = 0;
			defaultConfigurationName = Release;
		};
/* End XCConfigurationList section */
	};
	rootObject = AF8ADD9026DFED7600CFA44D /* Project object */;
}
